
Microsoft Visual Studio Solution File, Format Version 12.00
# Visual Studio Version 17
VisualStudioVersion = 17.11.35312.102
MinimumVisualStudioVersion = 10.0.40219.1
Project("{FAE04EC0-301F-11D3-BF4B-00C04F79EFBC}") = "MinuteMeals.Ui.Mvc", "MinuteMeals.Ui.Mvc\MinuteMeals.Ui.Mvc.csproj", "{525F68CC-E7F5-47EA-9119-2C4BE235A421}"
EndProject
Global
	GlobalSection(SolutionConfigurationPlatforms) = preSolution
		Debug|Any CPU = Debug|Any CPU
		Release|Any CPU = Release|Any CPU
	EndGlobalSection
	GlobalSection(ProjectConfigurationPlatforms) = postSolution
		{525F68CC-E7F5-47EA-9119-2C4BE235A421}.Debug|Any CPU.ActiveCfg = Debug|Any CPU
		{525F68CC-E7F5-47EA-9119-2C4BE235A421}.Debug|Any CPU.Build.0 = Debug|Any CPU
		{525F68CC-E7F5-47EA-9119-2C4BE235A421}.Release|Any CPU.ActiveCfg = Release|Any CPU
		{525F68CC-E7F5-47EA-9119-2C4BE235A421}.Release|Any CPU.Build.0 = Release|Any CPU
	EndGlobalSection
	GlobalSection(SolutionProperties) = preSolution
		HideSolutionNode = FALSE
	EndGlobalSection
	GlobalSection(ExtensibilityGlobals) = postSolution
		SolutionGuid = {54FF2643-0829-4352-85E5-6630AE82E55B}
	EndGlobalSection
EndGlobal
